
Microsoft Visual Studio Solution File, Format Version 12.00
# Visual Studio Version 17
VisualStudioVersion = 17.5.33103.201
MinimumVisualStudioVersion = 10.0.40219.1
Project("{9A19103F-16F7-4668-BE54-9A1E7A4F7556}") = "backend", "backend\backend.csproj", "{4EC768DF-06E7-4B2D-8A25-3E3AD144801E}"
EndProject
Project("{9A19103F-16F7-4668-BE54-9A1E7A4F7556}") = "yarp", "yarp\yarp.csproj", "{454DD004-36D5-4C51-8B6A-396DFDB79660}"
EndProject
Global
	GlobalSection(SolutionConfigurationPlatforms) = preSolution
		Debug|Any CPU = Debug|Any CPU
		Release|Any CPU = Release|Any CPU
	EndGlobalSection
	GlobalSection(ProjectConfigurationPlatforms) = postSolution
		{4EC768DF-06E7-4B2D-8A25-3E3AD144801E}.Debug|Any CPU.ActiveCfg = Debug|Any CPU
		{4EC768DF-06E7-4B2D-8A25-3E3AD144801E}.Debug|Any CPU.Build.0 = Debug|Any CPU
		{4EC768DF-06E7-4B2D-8A25-3E3AD144801E}.Release|Any CPU.ActiveCfg = Release|Any CPU
		{4EC768DF-06E7-4B2D-8A25-3E3AD144801E}.Release|Any CPU.Build.0 = Release|Any CPU
		{454DD004-36D5-4C51-8B6A-396DFDB79660}.Debug|Any CPU.ActiveCfg = Debug|Any CPU
		{454DD004-36D5-4C51-8B6A-396DFDB79660}.Debug|Any CPU.Build.0 = Debug|Any CPU
		{454DD004-36D5-4C51-8B6A-396DFDB79660}.Release|Any CPU.ActiveCfg = Release|Any CPU
		{454DD004-36D5-4C51-8B6A-396DFDB79660}.Release|Any CPU.Build.0 = Release|Any CPU
	EndGlobalSection
	GlobalSection(SolutionProperties) = preSolution
		HideSolutionNode = FALSE
	EndGlobalSection
	GlobalSection(ExtensibilityGlobals) = postSolution
		SolutionGuid = {48A441A9-7BCC-474D-80B5-365C0E3161A9}
	EndGlobalSection
EndGlobal
